
Microsoft Visual Studio Solution File, Format Version 12.00
# Visual Studio Version 17
VisualStudioVersion = 17.11.35303.130
MinimumVisualStudioVersion = 10.0.40219.1
Project("{FAE04EC0-301F-11D3-BF4B-00C04F79EFBC}") = "ORGANİZER", "ORGANİZER.csproj", "{01253362-5266-455F-8141-691A6D29C88D}"
EndProject
Project("{54435603-DBB4-11D2-8724-00A0C9A8B90C}") = "Organizer", "..\..\..\Desktop\Organizer\Organizer.vdproj", "{D04E9B36-135A-4CF1-97B5-98016CBCCCA1}"
EndProject
Global
	GlobalSection(SolutionConfigurationPlatforms) = preSolution
		Debug|Any CPU = Debug|Any CPU
		Release|Any CPU = Release|Any CPU
	EndGlobalSection
	GlobalSection(ProjectConfigurationPlatforms) = postSolution
		{01253362-5266-455F-8141-691A6D29C88D}.Debug|Any CPU.ActiveCfg = Debug|Any CPU
		{01253362-5266-455F-8141-691A6D29C88D}.Debug|Any CPU.Build.0 = Debug|Any CPU
		{01253362-5266-455F-8141-691A6D29C88D}.Release|Any CPU.ActiveCfg = Release|Any CPU
		{01253362-5266-455F-8141-691A6D29C88D}.Release|Any CPU.Build.0 = Release|Any CPU
		{D04E9B36-135A-4CF1-97B5-98016CBCCCA1}.Debug|Any CPU.ActiveCfg = Debug
		{D04E9B36-135A-4CF1-97B5-98016CBCCCA1}.Release|Any CPU.ActiveCfg = Release
	EndGlobalSection
	GlobalSection(SolutionProperties) = preSolution
		HideSolutionNode = FALSE
	EndGlobalSection
	GlobalSection(ExtensibilityGlobals) = postSolution
		SolutionGuid = {06776111-5D5E-4414-9699-FD41D36389C4}
	EndGlobalSection
EndGlobal
